
Microsoft Visual Studio Solution File, Format Version 12.00
# Visual Studio 15
Project("{FAE04EC0-301F-11D3-BF4B-00C04F79EFBC}") = "Xlua.Core", "Xlua.Core.csproj", "{DC4703F2-3851-F143-36F9-FB169DCD6071}"
EndProject
Project("{FAE04EC0-301F-11D3-BF4B-00C04F79EFBC}") = "Assembly-CSharp", "Assembly-CSharp.csproj", "{746EC2DB-8992-7169-945C-42242A8C2E6F}"
EndProject
Project("{FAE04EC0-301F-11D3-BF4B-00C04F79EFBC}") = "Xlua.Core.Editor", "Xlua.Core.Editor.csproj", "{5F31AB51-B52F-970D-8453-D28E2344083C}"
EndProject
Project("{FAE04EC0-301F-11D3-BF4B-00C04F79EFBC}") = "Assembly-CSharp-Editor", "Assembly-CSharp-Editor.csproj", "{4D70DFCC-41CC-72BC-9E61-67988A818AA6}"
EndProject
Global
	GlobalSection(SolutionConfigurationPlatforms) = preSolution
		Debug|Any CPU = Debug|Any CPU
		Release|Any CPU = Release|Any CPU
	EndGlobalSection
	GlobalSection(ProjectConfigurationPlatforms) = postSolution
		{DC4703F2-3851-F143-36F9-FB169DCD6071}.Debug|Any CPU.ActiveCfg = Debug|Any CPU
		{DC4703F2-3851-F143-36F9-FB169DCD6071}.Debug|Any CPU.Build.0 = Debug|Any CPU
		{DC4703F2-3851-F143-36F9-FB169DCD6071}.Release|Any CPU.ActiveCfg = Release|Any CPU
		{DC4703F2-3851-F143-36F9-FB169DCD6071}.Release|Any CPU.Build.0 = Release|Any CPU
		{746EC2DB-8992-7169-945C-42242A8C2E6F}.Debug|Any CPU.ActiveCfg = Debug|Any CPU
		{746EC2DB-8992-7169-945C-42242A8C2E6F}.Debug|Any CPU.Build.0 = Debug|Any CPU
		{746EC2DB-8992-7169-945C-42242A8C2E6F}.Release|Any CPU.ActiveCfg = Release|Any CPU
		{746EC2DB-8992-7169-945C-42242A8C2E6F}.Release|Any CPU.Build.0 = Release|Any CPU
		{5F31AB51-B52F-970D-8453-D28E2344083C}.Debug|Any CPU.ActiveCfg = Debug|Any CPU
		{5F31AB51-B52F-970D-8453-D28E2344083C}.Debug|Any CPU.Build.0 = Debug|Any CPU
		{5F31AB51-B52F-970D-8453-D28E2344083C}.Release|Any CPU.ActiveCfg = Release|Any CPU
		{5F31AB51-B52F-970D-8453-D28E2344083C}.Release|Any CPU.Build.0 = Release|Any CPU
		{4D70DFCC-41CC-72BC-9E61-67988A818AA6}.Debug|Any CPU.ActiveCfg = Debug|Any CPU
		{4D70DFCC-41CC-72BC-9E61-67988A818AA6}.Debug|Any CPU.Build.0 = Debug|Any CPU
		{4D70DFCC-41CC-72BC-9E61-67988A818AA6}.Release|Any CPU.ActiveCfg = Release|Any CPU
		{4D70DFCC-41CC-72BC-9E61-67988A818AA6}.Release|Any CPU.Build.0 = Release|Any CPU
	EndGlobalSection
	GlobalSection(SolutionProperties) = preSolution
		HideSolutionNode = FALSE
	EndGlobalSection
EndGlobal
